{
  "version": "4",
  "remote": {
    "https://deno.land/std@0.96.0/_util/assert.ts": "2f868145a042a11d5ad0a3c748dcf580add8a0dbc0e876eaa0026303a5488f58",
    "https://deno.land/std@0.96.0/_util/has_own_property.ts": "f5edd94ed3f3c20c517d812045deb97977e18501c9b7105b5f5c11a31893d7a2",
    "https://deno.land/std@0.96.0/_util/os.ts": "e282950a0eaa96760c0cf11e7463e66babd15ec9157d4c9ed49cc0925686f6a7",
    "https://deno.land/std@0.96.0/async/deferred.ts": "624bef4b755b71394620508a0c234a93cb8020cbd1b04bfcdad41c174392cef6",
    "https://deno.land/std@0.96.0/async/delay.ts": "9de1d8d07d1927767ab7f82434b883f3d8294fb19cad819691a2ad81a728cf3d",
    "https://deno.land/std@0.96.0/async/mod.ts": "253b41c658d768613eacfb11caa0a9ca7148442f932018a45576f7f27554c853",
    "https://deno.land/std@0.96.0/async/mux_async_iterator.ts": "c405c4c1194f7600189aa81dfe243e165c27f36eaea88a301fa2a74ce974548b",
    "https://deno.land/std@0.96.0/async/pool.ts": "353ce4f91865da203a097aa6f33de8966340c91b6f4a055611c8c5d534afd12f",
    "https://deno.land/std@0.96.0/bytes/bytes_list.ts": "a13287edb03f19d27ba4927dec6d6de3e5bd46254cd4aee6f7e5815810122673",
    "https://deno.land/std@0.96.0/bytes/mod.ts": "1ae1ccfe98c4b979f12b015982c7444f81fcb921bea7aa215bf37d84f46e1e13",
    "https://deno.land/std@0.96.0/flags/mod.ts": "0994240ad009980e46bc3bb1314e9469c7241617e4345b27afc82097fdbef841",
    "https://deno.land/std@0.96.0/fmt/colors.ts": "db22b314a2ae9430ae7460ce005e0a7130e23ae1c999157e3bb77cf55800f7e4",
    "https://deno.land/std@0.96.0/hash/sha1.ts": "1cca324b4b253885a47f121adafcfac55b4cc96113e22b338e1db26f37a730b8",
    "https://deno.land/std@0.96.0/http/_io.ts": "f4446e433d8d0009851c7de20d594746de228399c382cbee65da30eb87e70827",
    "https://deno.land/std@0.96.0/http/file_server.ts": "8a105b028004a7150281562e7be794d74d848aff70902b4330e98dfd4f738eb2",
    "https://deno.land/std@0.96.0/http/http_status.ts": "ebaa9bebfb8adc3d7b20c49e11037e4eefd79629ad80d81383933f4cdc91b3eb",
    "https://deno.land/std@0.96.0/http/server.ts": "39414681549353ebd0665e3df4145ee0a93a989cd0f55bed14fdb2c43d2faa3b",
    "https://deno.land/std@0.96.0/io/buffer.ts": "c6b21bde904ebe6c0b108336660a2bee582382c35e8fa5562f628b60b919aba3",
    "https://deno.land/std@0.96.0/io/bufio.ts": "0fe9cc15a7592af477dfe0bafca8cc1f747f47acc270d057df776452b5bcb6fb",
    "https://deno.land/std@0.96.0/io/ioutil.ts": "3c6b7c8be3b8cd19746de028c40063193578612244a935dcc27be9f3ff343b0c",
    "https://deno.land/std@0.96.0/io/util.ts": "318be78b7954da25f0faffe123fef0d9423ea61af98467e860c06b60265eff6d",
    "https://deno.land/std@0.96.0/path/_constants.ts": "1247fee4a79b70c89f23499691ef169b41b6ccf01887a0abd131009c5581b853",
    "https://deno.land/std@0.96.0/path/_interface.ts": "1fa73b02aaa24867e481a48492b44f2598cd9dfa513c7b34001437007d3642e4",
    "https://deno.land/std@0.96.0/path/_util.ts": "2e06a3b9e79beaf62687196bd4b60a4c391d862cfa007a20fc3a39f778ba073b",
    "https://deno.land/std@0.96.0/path/common.ts": "eaf03d08b569e8a87e674e4e265e099f237472b6fd135b3cbeae5827035ea14a",
    "https://deno.land/std@0.96.0/path/glob.ts": "314ad9ff263b895795208cdd4d5e35a44618ca3c6dd155e226fb15d065008652",
    "https://deno.land/std@0.96.0/path/mod.ts": "4465dc494f271b02569edbb4a18d727063b5dbd6ed84283ff906260970a15d12",
    "https://deno.land/std@0.96.0/path/posix.ts": "f56c3c99feb47f30a40ce9d252ef6f00296fa7c0fcb6dd81211bdb3b8b99ca3b",
    "https://deno.land/std@0.96.0/path/separator.ts": "8fdcf289b1b76fd726a508f57d3370ca029ae6976fcde5044007f062e643ff1c",
    "https://deno.land/std@0.96.0/path/win32.ts": "77f7b3604e0de40f3a7c698e8a79e7f601dc187035a1c21cb1e596666ce112f8",
    "https://deno.land/std@0.96.0/testing/_diff.ts": "961eaf6d9f5b0a8556c9d835bbc6fa74f5addd7d3b02728ba7936ff93364f7a3",
    "https://deno.land/std@0.96.0/testing/asserts.ts": "06ca5f20da42af5960bab649010b6e3e3e476f695223bffe11ce7ae80365b262",
    "https://deno.land/std@0.96.0/textproto/mod.ts": "6e8430986393e3929720cec9c6668d75dee2ffd953886e842dc124c251cb86c8",
    "https://deno.land/std@0.96.0/ws/mod.ts": "561d12475c04ed91b109e5340ca7f2cfe0421613792586c3d8a4c825ad722f59",
    "https://deno.land/x/sono@v1.1/deps.ts": "478d0087cb91eefe4f90231b17f40bca1079ff7a04d5f662a5b044823be55294",
    "https://deno.land/x/sono@v1.1/mod.ts": "91aeb38f7898fe4958e2bc88efaea6b8f657395733d125920fd7ad6bb484c5ad",
    "https://deno.land/x/sono@v1.1/src/client.ts": "367011c5b492b0e145152cd2fc72ba718221776c3499e0ad7d287fb8dd711cfe",
    "https://deno.land/x/sono@v1.1/src/eventhandler.ts": "cf838187f4d7ff01ebe5c0730835829bb9b0b81bab14a0e21f7850ff68e3d278",
    "https://deno.land/x/sono@v1.1/src/packet.ts": "c49a2724251414781c782a3c0ed6d259d6dac0e60313be4f5e5f97ad998ce5d0",
    "https://deno.land/x/sono@v1.1/src/server.ts": "2cbfb899ea3a99eea4b377c10163ed05121425363675bdc1fa4519e2fe6bb8e3",
    "https://deno.land/x/sono@v1.1/src/sonoClient.js": "ff970b35cda6c59e87d6ef03893df379b3eb1c8d42accbd3d85c457cb78e2e7e",
    "https://deno.land/x/sono@v1.1/src/sonoRTC.js": "498f15e798d7f394d0313e3e7787ccf5b59b805503be9f3a02964b4580324872",
    "https://deno.land/x/sono@v1.2/mod.ts": "1551b548c49a4b651abae0b61e05f017009ebd495c140c1cd913a748b002194f",
    "https://deno.land/x/sono@v1.2/src/client.ts": "117b93a005d93f63e4e76a55e04cd8edc0d697290443147297fc0912644dba86",
    "https://deno.land/x/sono@v1.2/src/eventhandler.ts": "cf838187f4d7ff01ebe5c0730835829bb9b0b81bab14a0e21f7850ff68e3d278",
    "https://deno.land/x/sono@v1.2/src/packet.ts": "c49a2724251414781c782a3c0ed6d259d6dac0e60313be4f5e5f97ad998ce5d0",
    "https://deno.land/x/sono@v1.2/src/server.ts": "144a1ccd332a6c8b13b3c8dd5649fc6c989d75e83d131fe74ef2568c2d27a32f",
    "https://deno.land/x/sono@v1.2/src/sonoClient.js": "ff970b35cda6c59e87d6ef03893df379b3eb1c8d42accbd3d85c457cb78e2e7e"
  },
  "workspace": {
    "dependencies": [
      "jsr:@std/assert@1"
    ]
  }
}
